
Microsoft Visual Studio Solution File, Format Version 12.00
# Visual Studio Version 16
VisualStudioVersion = 16.0.29503.13
MinimumVisualStudioVersion = 10.0.40219.1
Project("{9A19103F-16F7-4668-BE54-9A1E7A4F7556}") = "slack-whereis-app", ".\slack-whereis-app\slack-whereis-app.csproj", "{6726B7B3-E44C-41A5-A5C2-BE29C2C85ED4}"
EndProject
Project("{FAE04EC0-301F-11D3-BF4B-00C04F79EFBC}") = "slack-whereis-app-tests", ".\slack-whereis-app-tests\slack-whereis-app-tests.csproj", "{8CAD1968-8F9A-40FA-9E35-C6616CB17640}"
EndProject
Global
	GlobalSection(SolutionConfigurationPlatforms) = preSolution
		Debug|Any CPU = Debug|Any CPU
		Release|Any CPU = Release|Any CPU
	EndGlobalSection
	GlobalSection(ProjectConfigurationPlatforms) = postSolution
		{6726B7B3-E44C-41A5-A5C2-BE29C2C85ED4}.Debug|Any CPU.ActiveCfg = Debug|Any CPU
		{6726B7B3-E44C-41A5-A5C2-BE29C2C85ED4}.Debug|Any CPU.Build.0 = Debug|Any CPU
		{6726B7B3-E44C-41A5-A5C2-BE29C2C85ED4}.Release|Any CPU.ActiveCfg = Release|Any CPU
		{6726B7B3-E44C-41A5-A5C2-BE29C2C85ED4}.Release|Any CPU.Build.0 = Release|Any CPU
		{8CAD1968-8F9A-40FA-9E35-C6616CB17640}.Debug|Any CPU.ActiveCfg = Debug|Any CPU
		{8CAD1968-8F9A-40FA-9E35-C6616CB17640}.Debug|Any CPU.Build.0 = Debug|Any CPU
		{8CAD1968-8F9A-40FA-9E35-C6616CB17640}.Release|Any CPU.ActiveCfg = Release|Any CPU
		{8CAD1968-8F9A-40FA-9E35-C6616CB17640}.Release|Any CPU.Build.0 = Release|Any CPU
	EndGlobalSection
	GlobalSection(SolutionProperties) = preSolution
		HideSolutionNode = FALSE
	EndGlobalSection
	GlobalSection(ExtensibilityGlobals) = postSolution
		SolutionGuid = {75C9282A-5839-4D5D-A54F-CD840D76E2B0}
	EndGlobalSection
EndGlobal
